
Microsoft Visual Studio Solution File, Format Version 12.00
# Visual Studio Version 16
VisualStudioVersion = 16.0.31019.35
MinimumVisualStudioVersion = 10.0.40219.1
Project("{9A19103F-16F7-4668-BE54-9A1E7A4F7556}") = "GradePredictor", "GradePredictor\GradePredictor.csproj", "{A5881582-7BAC-4D7B-84ED-CEE5D8D1AC73}"
EndProject
Global
	GlobalSection(SolutionConfigurationPlatforms) = preSolution
		Debug|Any CPU = Debug|Any CPU
		Release|Any CPU = Release|Any CPU
	EndGlobalSection
	GlobalSection(ProjectConfigurationPlatforms) = postSolution
		{A5881582-7BAC-4D7B-84ED-CEE5D8D1AC73}.Debug|Any CPU.ActiveCfg = Debug|Any CPU
		{A5881582-7BAC-4D7B-84ED-CEE5D8D1AC73}.Debug|Any CPU.Build.0 = Debug|Any CPU
		{A5881582-7BAC-4D7B-84ED-CEE5D8D1AC73}.Release|Any CPU.ActiveCfg = Release|Any CPU
		{A5881582-7BAC-4D7B-84ED-CEE5D8D1AC73}.Release|Any CPU.Build.0 = Release|Any CPU
	EndGlobalSection
	GlobalSection(SolutionProperties) = preSolution
		HideSolutionNode = FALSE
	EndGlobalSection
	GlobalSection(ExtensibilityGlobals) = postSolution
		SolutionGuid = {C8FCB364-A307-48FB-8193-83AEE23AD61D}
	EndGlobalSection
EndGlobal
